<?xml version="1.0" encoding="utf-8"?>
<Project ToolsVersion="4.0" xmlns="http://schemas.microsoft.com/developer/msbuild/2003">
  <ItemGroup>
    <Filter Include="Source Files">
      <UniqueIdentifier>{4FC737F1-C7A5-4376-A066-2A32D752A2FF}</UniqueIdentifier>
      <Extensions>cpp;c;cc;cxx;def;odl;idl;hpj;bat;asm;asmx</Extensions>
    </Filter>
    <Filter Include="Header Files">
      <UniqueIdentifier>{93995380-89BD-4b04-88EB-625FBE52EBFB}</UniqueIdentifier>
      <Extensions>h;hh;hpp;hxx;hm;inl;inc;ipp;xsd</Extensions>
    </Filter>
    <Filter Include="Resource Files">
      <UniqueIdentifier>{67DA6AB6-F800-4c08-8B7A-83BB121AAD01}</UniqueIdentifier>
      <Extensions>rc;ico;cur;bmp;dlg;rc2;rct;bin;rgs;gif;jpg;jpeg;jpe;resx;tiff;tif;png;wav;mfcribbon-ms</Extensions>
    </Filter>
    <Filter Include="Core">
      <UniqueIdentifier>{589bea79-4ad6-4ef6-99f1-362e4cbdf8fa}</UniqueIdentifier>
      <Extensions>
      </Extensions>
    </Filter>
    <Filter Include="Manager">
      <UniqueIdentifier>{a46fec6d-e238-494f-a814-42e762680067}</UniqueIdentifier>
    </Filter>
    <Filter Include="Core\Interface">
      <UniqueIdentifier>{70bdf96b-a044-44ee-a437-ddfbd4588bc6}</UniqueIdentifier>
    </Filter>
    <Filter Include="Entity">
      <UniqueIdentifier>{0cd9b723-0134-45bc-8f5b-ad686e2ff0c7}</UniqueIdentifier>
    </Filter>
    <Filter Include="Res">
      <UniqueIdentifier>{7b21fdbd-504d-436f-baa0-7b6537520ae2}</UniqueIdentifier>
    </Filter>
    <Filter Include="DirectX">
      <UniqueIdentifier>{ed01deaa-94c9-4b98-89ca-8401794a75c7}</UniqueIdentifier>
    </Filter>
    <Filter Include="Utils">
      <UniqueIdentifier>{fd263e23-faeb-4ef2-a131-f8369a28af7e}</UniqueIdentifier>
    </Filter>
  </ItemGroup>
  <ItemGroup>
    <ClInclude Include="stdafx.h">
      <Filter>Header Files</Filter>
    </ClInclude>
    <ClInclude Include="targetver.h">
      <Filter>Header Files</Filter>
    </ClInclude>
    <ClInclude Include="Resource.h">
      <Filter>Header Files</Filter>
    </ClInclude>
    <ClInclude Include="Core\Message.hpp">
      <Filter>Core</Filter>
    </ClInclude>
    <ClInclude Include="Core\MessageHandler.hpp">
      <Filter>Core</Filter>
    </ClInclude>
    <ClInclude Include="Manager\InputManager.hpp">
      <Filter>Manager</Filter>
    </ClInclude>
    <ClInclude Include="Core\Interface\ICommand.hpp">
      <Filter>Core\Interface</Filter>
    </ClInclude>
    <ClInclude Include="Core\Interface\IView.hpp">
      <Filter>Core\Interface</Filter>
    </ClInclude>
    <ClInclude Include="Manager\GraphicsManager.hpp">
      <Filter>Manager</Filter>
    </ClInclude>
    <ClInclude Include="Entity\Model3D.hpp">
      <Filter>Entity</Filter>
    </ClInclude>
    <ClInclude Include="Entity\Font.hpp">
      <Filter>Entity</Filter>
    </ClInclude>
    <ClInclude Include="Core\System.hpp">
      <Filter>Core</Filter>
    </ClInclude>
    <ClInclude Include="Core\Application.hpp">
      <Filter>Core</Filter>
    </ClInclude>
    <ClInclude Include="DirectX\DDSTextureLoader.h">
      <Filter>DirectX</Filter>
    </ClInclude>
    <ClInclude Include="Manager\SoundManager.hpp">
      <Filter>Manager</Filter>
    </ClInclude>
    <ClInclude Include="Utils\Debug.hpp">
      <Filter>Utils</Filter>
    </ClInclude>
    <ClInclude Include="Utils\SlideAverage.hpp">
      <Filter>Utils</Filter>
    </ClInclude>
    <ClInclude Include="Entity\Frustum.hpp">
      <Filter>Entity</Filter>
    </ClInclude>
    <ClInclude Include="Utils\Range.hpp">
      <Filter>Utils</Filter>
    </ClInclude>
    <ClInclude Include="Entity\BoundingBox.hpp">
      <Filter>Entity</Filter>
    </ClInclude>
  </ItemGroup>
  <ItemGroup>
    <ClCompile Include="stdafx.cpp">
      <Filter>Source Files</Filter>
    </ClCompile>
    <ClCompile Include="Core\MessageHandler.cpp">
      <Filter>Core</Filter>
    </ClCompile>
    <ClCompile Include="Manager\GraphicsManager.cpp">
      <Filter>Manager</Filter>
    </ClCompile>
    <ClCompile Include="Entity\Model3D.cpp">
      <Filter>Entity</Filter>
    </ClCompile>
    <ClCompile Include="Entity\Font.cpp">
      <Filter>Entity</Filter>
    </ClCompile>
    <ClCompile Include="Main.cpp">
      <Filter>Source Files</Filter>
    </ClCompile>
    <ClCompile Include="Core\System.cpp">
      <Filter>Core</Filter>
    </ClCompile>
    <ClCompile Include="Core\Application.cpp">
      <Filter>Core</Filter>
    </ClCompile>
    <ClCompile Include="Manager\InputManager.cpp">
      <Filter>Manager</Filter>
    </ClCompile>
    <ClCompile Include="DirectX\DDSTextureLoader.cpp">
      <Filter>DirectX</Filter>
    </ClCompile>
    <ClCompile Include="Manager\SoundManager.cpp">
      <Filter>Manager</Filter>
    </ClCompile>
  </ItemGroup>
  <ItemGroup>
    <ResourceCompile Include="DXTutorial.rc">
      <Filter>Resource Files</Filter>
    </ResourceCompile>
  </ItemGroup>
  <ItemGroup>
    <Image Include="small.ico">
      <Filter>Resource Files</Filter>
    </Image>
    <Image Include="DXTutorial.ico">
      <Filter>Resource Files</Filter>
    </Image>
    <Image Include="Res\sphere.dds">
      <Filter>Res</Filter>
    </Image>
  </ItemGroup>
  <ItemGroup>
    <None Include="Res\sphere.mtl">
      <Filter>Res</Filter>
    </None>
  </ItemGroup>
  <ItemGroup>
    <Object Include="Res\sphere.obj">
      <Filter>Res</Filter>
    </Object>
  </ItemGroup>
  <ItemGroup>
    <FxCompile Include="Res\sphere_ps.hlsl">
      <Filter>Res</Filter>
    </FxCompile>
    <FxCompile Include="Res\sphere_vs.hlsl">
      <Filter>Res</Filter>
    </FxCompile>
    <FxCompile Include="Res\font_vs.hlsl">
      <Filter>Res</Filter>
    </FxCompile>
    <FxCompile Include="Res\font_ps.hlsl">
      <Filter>Res</Filter>
    </FxCompile>
  </ItemGroup>
</Project>