<?xml version="1.0" encoding="utf-8"?>
<Project ToolsVersion="4.0" xmlns="http://schemas.microsoft.com/developer/msbuild/2003">
  <ItemGroup>
    <Filter Include="core">
      <UniqueIdentifier>{589bea79-4ad6-4ef6-99f1-362e4cbdf8fa}</UniqueIdentifier>
      <Extensions>
      </Extensions>
    </Filter>
    <Filter Include="utils">
      <UniqueIdentifier>{f030c5db-12c3-43e0-8da4-722c85a0a99b}</UniqueIdentifier>
    </Filter>
    <Filter Include="entity">
      <UniqueIdentifier>{0cd9b723-0134-45bc-8f5b-ad686e2ff0c7}</UniqueIdentifier>
    </Filter>
    <Filter Include="directx">
      <UniqueIdentifier>{ed01deaa-94c9-4b98-89ca-8401794a75c7}</UniqueIdentifier>
    </Filter>
    <Filter Include="manager">
      <UniqueIdentifier>{a46fec6d-e238-494f-a814-42e762680067}</UniqueIdentifier>
    </Filter>
    <Filter Include="shader">
      <UniqueIdentifier>{7b21fdbd-504d-436f-baa0-7b6537520ae2}</UniqueIdentifier>
    </Filter>
    <Filter Include="resource">
      <UniqueIdentifier>{67DA6AB6-F800-4c08-8B7A-83BB121AAD01}</UniqueIdentifier>
      <Extensions>rc;ico;cur;bmp;dlg;rc2;rct;bin;rgs;gif;jpg;jpeg;jpe;resx;tiff;tif;png;wav;mfcribbon-ms</Extensions>
    </Filter>
  </ItemGroup>
  <ItemGroup>
    <ClInclude Include="core\application.h">
      <Filter>core</Filter>
    </ClInclude>
    <ClInclude Include="core\message.h">
      <Filter>core</Filter>
    </ClInclude>
    <ClInclude Include="core\message_handler.h">
      <Filter>core</Filter>
    </ClInclude>
    <ClInclude Include="core\system.h">
      <Filter>core</Filter>
    </ClInclude>
    <ClInclude Include="core\command_interface.h">
      <Filter>core</Filter>
    </ClInclude>
    <ClInclude Include="core\iview.h">
      <Filter>core</Filter>
    </ClInclude>
    <ClInclude Include="utils\range.h">
      <Filter>utils</Filter>
    </ClInclude>
    <ClInclude Include="utils\slide_average.h">
      <Filter>utils</Filter>
    </ClInclude>
    <ClInclude Include="entity\frustum.h">
      <Filter>entity</Filter>
    </ClInclude>
    <ClInclude Include="entity\bounding_box.h">
      <Filter>entity</Filter>
    </ClInclude>
    <ClInclude Include="entity\font.h">
      <Filter>entity</Filter>
    </ClInclude>
    <ClInclude Include="entity\model.h">
      <Filter>entity</Filter>
    </ClInclude>
    <ClInclude Include="directx\DDSTextureLoader.h">
      <Filter>directx</Filter>
    </ClInclude>
    <ClInclude Include="Manager\input_manager.h">
      <Filter>manager</Filter>
    </ClInclude>
    <ClInclude Include="Manager\sound_manager.h">
      <Filter>manager</Filter>
    </ClInclude>
    <ClInclude Include="Manager\graphics_manager.h">
      <Filter>manager</Filter>
    </ClInclude>
    <ClInclude Include="Resource.h" />
    <ClInclude Include="stdafx.h" />
    <ClInclude Include="targetver.h" />
    <ClInclude Include="entity\mirror.h">
      <Filter>entity</Filter>
    </ClInclude>
  </ItemGroup>
  <ItemGroup>
    <ClCompile Include="core\application.cc">
      <Filter>core</Filter>
    </ClCompile>
    <ClCompile Include="core\message_handler.cc">
      <Filter>core</Filter>
    </ClCompile>
    <ClCompile Include="core\system.cc">
      <Filter>core</Filter>
    </ClCompile>
    <ClCompile Include="entity\font.cc">
      <Filter>entity</Filter>
    </ClCompile>
    <ClCompile Include="entity\model.cc">
      <Filter>entity</Filter>
    </ClCompile>
    <ClCompile Include="directx\DDSTextureLoader.cpp">
      <Filter>directx</Filter>
    </ClCompile>
    <ClCompile Include="Manager\input_manager.cc">
      <Filter>manager</Filter>
    </ClCompile>
    <ClCompile Include="Manager\sound_manager.cc">
      <Filter>manager</Filter>
    </ClCompile>
    <ClCompile Include="Manager\graphics_manager.cc">
      <Filter>manager</Filter>
    </ClCompile>
    <ClCompile Include="main.cc" />
    <ClCompile Include="stdafx.cc" />
    <ClCompile Include="entity\mirror.cc">
      <Filter>entity</Filter>
    </ClCompile>
  </ItemGroup>
  <ItemGroup>
    <ResourceCompile Include="DXTutorial.rc">
      <Filter>resource</Filter>
    </ResourceCompile>
  </ItemGroup>
  <ItemGroup>
    <Image Include="small.ico">
      <Filter>resource</Filter>
    </Image>
    <Image Include="DXTutorial.ico">
      <Filter>resource</Filter>
    </Image>
  </ItemGroup>
  <ItemGroup>
    <FxCompile Include="res\font_ps.hlsl">
      <Filter>shader</Filter>
    </FxCompile>
    <FxCompile Include="res\font_vs.hlsl">
      <Filter>shader</Filter>
    </FxCompile>
    <FxCompile Include="res\sphere_ps.hlsl">
      <Filter>shader</Filter>
    </FxCompile>
    <FxCompile Include="res\sphere_vs.hlsl">
      <Filter>shader</Filter>
    </FxCompile>
    <FxCompile Include="res\tex_vs.hlsl">
      <Filter>shader</Filter>
    </FxCompile>
    <FxCompile Include="res\tex_ps.hlsl">
      <Filter>shader</Filter>
    </FxCompile>
  </ItemGroup>
  <ItemGroup>
    <None Include="wm_map.h" />
  </ItemGroup>
</Project>